
Microsoft Visual Studio Solution File, Format Version 12.00
# Visual Studio Version 17
VisualStudioVersion = 17.8.34330.188
MinimumVisualStudioVersion = 10.0.40219.1
Project("{2150E333-8FDC-42A3-9474-1A3956D46DE8}") = "1.InterfazUsuario", "1.InterfazUsuario", "{268F666B-FFDA-40BB-A3E6-319DD376DBEF}"
EndProject
Project("{2150E333-8FDC-42A3-9474-1A3956D46DE8}") = "2.Aplicacion", "2.Aplicacion", "{DF62DF99-CAE6-43F6-A7C1-491AB9734053}"
EndProject
Project("{2150E333-8FDC-42A3-9474-1A3956D46DE8}") = "3.Dominio", "3.Dominio", "{92F7D0D6-2672-485C-8BBD-325A1FACC983}"
EndProject
Project("{2150E333-8FDC-42A3-9474-1A3956D46DE8}") = "4.Infraestructura", "4.Infraestructura", "{CB38F4F7-E210-40ED-ADF0-A8F64EF09715}"
EndProject
Project("{FAE04EC0-301F-11D3-BF4B-00C04F79EFBC}") = "UI.windows", "UI.windows\UI.windows.csproj", "{FC16AD00-A5F5-4719-9C56-35CCE0A7E24A}"
EndProject
Project("{FAE04EC0-301F-11D3-BF4B-00C04F79EFBC}") = "Aplicacion", "Aplicacion\Aplicacion.csproj", "{58B3A82A-3005-4CBA-B95F-3D8FAB2D0641}"
EndProject
Project("{FAE04EC0-301F-11D3-BF4B-00C04F79EFBC}") = "Aplicacion.DTO", "Aplicacion.DTO\Aplicacion.DTO.csproj", "{1F220BB7-A520-4537-A3FE-02EFABB8F3E2}"
EndProject
Project("{FAE04EC0-301F-11D3-BF4B-00C04F79EFBC}") = "Dominio.Modelo", "Dominio.Modelo\Dominio.Modelo.csproj", "{12D4C16F-7FA5-4990-ADB2-75DD475ADD60}"
EndProject
Project("{FAE04EC0-301F-11D3-BF4B-00C04F79EFBC}") = "Dominio.Servicio", "Dominio.Servicio\Dominio.Servicio.csproj", "{45434A1C-6680-49A4-9A62-48AD54A559FC}"
EndProject
Project("{FAE04EC0-301F-11D3-BF4B-00C04F79EFBC}") = "Infraestructura.CrossCuting", "Infraestructura.CrossCuting\Infraestructura.CrossCuting.csproj", "{3BA18032-0E49-4CAB-85D0-4F79F7B63648}"
EndProject
Project("{FAE04EC0-301F-11D3-BF4B-00C04F79EFBC}") = "Infraestructura.AccesoDatos", "Infraestructura.AccesoDatos\Infraestructura.AccesoDatos.csproj", "{2010054F-FE96-47F7-A1E2-4707ED2C5FC2}"
EndProject
Project("{FAE04EC0-301F-11D3-BF4B-00C04F79EFBC}") = "Infraestructura.ServicioEmail", "Infraestructura.ServicioEmail\Infraestructura.ServicioEmail.csproj", "{46030C7E-2BED-4F2F-99D1-2250E794207C}"
EndProject
Project("{FAE04EC0-301F-11D3-BF4B-00C04F79EFBC}") = "Infraestructura.ServicioExterno", "Infraestructura.ServicioExterno\Infraestructura.ServicioExterno.csproj", "{DFA05320-0978-4E43-9B8B-F531AE66C449}"
EndProject
Global
	GlobalSection(SolutionConfigurationPlatforms) = preSolution
		Debug|Any CPU = Debug|Any CPU
		Release|Any CPU = Release|Any CPU
	EndGlobalSection
	GlobalSection(ProjectConfigurationPlatforms) = postSolution
		{FC16AD00-A5F5-4719-9C56-35CCE0A7E24A}.Debug|Any CPU.ActiveCfg = Debug|Any CPU
		{FC16AD00-A5F5-4719-9C56-35CCE0A7E24A}.Debug|Any CPU.Build.0 = Debug|Any CPU
		{FC16AD00-A5F5-4719-9C56-35CCE0A7E24A}.Release|Any CPU.ActiveCfg = Release|Any CPU
		{FC16AD00-A5F5-4719-9C56-35CCE0A7E24A}.Release|Any CPU.Build.0 = Release|Any CPU
		{58B3A82A-3005-4CBA-B95F-3D8FAB2D0641}.Debug|Any CPU.ActiveCfg = Debug|Any CPU
		{58B3A82A-3005-4CBA-B95F-3D8FAB2D0641}.Debug|Any CPU.Build.0 = Debug|Any CPU
		{58B3A82A-3005-4CBA-B95F-3D8FAB2D0641}.Release|Any CPU.ActiveCfg = Release|Any CPU
		{58B3A82A-3005-4CBA-B95F-3D8FAB2D0641}.Release|Any CPU.Build.0 = Release|Any CPU
		{1F220BB7-A520-4537-A3FE-02EFABB8F3E2}.Debug|Any CPU.ActiveCfg = Debug|Any CPU
		{1F220BB7-A520-4537-A3FE-02EFABB8F3E2}.Debug|Any CPU.Build.0 = Debug|Any CPU
		{1F220BB7-A520-4537-A3FE-02EFABB8F3E2}.Release|Any CPU.ActiveCfg = Release|Any CPU
		{1F220BB7-A520-4537-A3FE-02EFABB8F3E2}.Release|Any CPU.Build.0 = Release|Any CPU
		{12D4C16F-7FA5-4990-ADB2-75DD475ADD60}.Debug|Any CPU.ActiveCfg = Debug|Any CPU
		{12D4C16F-7FA5-4990-ADB2-75DD475ADD60}.Debug|Any CPU.Build.0 = Debug|Any CPU
		{12D4C16F-7FA5-4990-ADB2-75DD475ADD60}.Release|Any CPU.ActiveCfg = Release|Any CPU
		{12D4C16F-7FA5-4990-ADB2-75DD475ADD60}.Release|Any CPU.Build.0 = Release|Any CPU
		{45434A1C-6680-49A4-9A62-48AD54A559FC}.Debug|Any CPU.ActiveCfg = Debug|Any CPU
		{45434A1C-6680-49A4-9A62-48AD54A559FC}.Debug|Any CPU.Build.0 = Debug|Any CPU
		{45434A1C-6680-49A4-9A62-48AD54A559FC}.Release|Any CPU.ActiveCfg = Release|Any CPU
		{45434A1C-6680-49A4-9A62-48AD54A559FC}.Release|Any CPU.Build.0 = Release|Any CPU
		{3BA18032-0E49-4CAB-85D0-4F79F7B63648}.Debug|Any CPU.ActiveCfg = Debug|Any CPU
		{3BA18032-0E49-4CAB-85D0-4F79F7B63648}.Debug|Any CPU.Build.0 = Debug|Any CPU
		{3BA18032-0E49-4CAB-85D0-4F79F7B63648}.Release|Any CPU.ActiveCfg = Release|Any CPU
		{3BA18032-0E49-4CAB-85D0-4F79F7B63648}.Release|Any CPU.Build.0 = Release|Any CPU
		{2010054F-FE96-47F7-A1E2-4707ED2C5FC2}.Debug|Any CPU.ActiveCfg = Debug|Any CPU
		{2010054F-FE96-47F7-A1E2-4707ED2C5FC2}.Debug|Any CPU.Build.0 = Debug|Any CPU
		{2010054F-FE96-47F7-A1E2-4707ED2C5FC2}.Release|Any CPU.ActiveCfg = Release|Any CPU
		{2010054F-FE96-47F7-A1E2-4707ED2C5FC2}.Release|Any CPU.Build.0 = Release|Any CPU
		{46030C7E-2BED-4F2F-99D1-2250E794207C}.Debug|Any CPU.ActiveCfg = Debug|Any CPU
		{46030C7E-2BED-4F2F-99D1-2250E794207C}.Debug|Any CPU.Build.0 = Debug|Any CPU
		{46030C7E-2BED-4F2F-99D1-2250E794207C}.Release|Any CPU.ActiveCfg = Release|Any CPU
		{46030C7E-2BED-4F2F-99D1-2250E794207C}.Release|Any CPU.Build.0 = Release|Any CPU
		{DFA05320-0978-4E43-9B8B-F531AE66C449}.Debug|Any CPU.ActiveCfg = Debug|Any CPU
		{DFA05320-0978-4E43-9B8B-F531AE66C449}.Debug|Any CPU.Build.0 = Debug|Any CPU
		{DFA05320-0978-4E43-9B8B-F531AE66C449}.Release|Any CPU.ActiveCfg = Release|Any CPU
		{DFA05320-0978-4E43-9B8B-F531AE66C449}.Release|Any CPU.Build.0 = Release|Any CPU
	EndGlobalSection
	GlobalSection(SolutionProperties) = preSolution
		HideSolutionNode = FALSE
	EndGlobalSection
	GlobalSection(NestedProjects) = preSolution
		{FC16AD00-A5F5-4719-9C56-35CCE0A7E24A} = {268F666B-FFDA-40BB-A3E6-319DD376DBEF}
		{58B3A82A-3005-4CBA-B95F-3D8FAB2D0641} = {DF62DF99-CAE6-43F6-A7C1-491AB9734053}
		{1F220BB7-A520-4537-A3FE-02EFABB8F3E2} = {DF62DF99-CAE6-43F6-A7C1-491AB9734053}
		{12D4C16F-7FA5-4990-ADB2-75DD475ADD60} = {92F7D0D6-2672-485C-8BBD-325A1FACC983}
		{45434A1C-6680-49A4-9A62-48AD54A559FC} = {92F7D0D6-2672-485C-8BBD-325A1FACC983}
		{3BA18032-0E49-4CAB-85D0-4F79F7B63648} = {CB38F4F7-E210-40ED-ADF0-A8F64EF09715}
		{2010054F-FE96-47F7-A1E2-4707ED2C5FC2} = {CB38F4F7-E210-40ED-ADF0-A8F64EF09715}
		{46030C7E-2BED-4F2F-99D1-2250E794207C} = {CB38F4F7-E210-40ED-ADF0-A8F64EF09715}
		{DFA05320-0978-4E43-9B8B-F531AE66C449} = {CB38F4F7-E210-40ED-ADF0-A8F64EF09715}
	EndGlobalSection
	GlobalSection(ExtensibilityGlobals) = postSolution
		SolutionGuid = {B98989E3-B554-4638-9DA3-E03963A69F61}
	EndGlobalSection
EndGlobal
